{
  "requires": true,
  "lockfileVersion": 1,
  "dependencies": {
    "@types/mojang-gametest": {
      "version": "0.1.2",
      "resolved": "https://registry.npmmirror.com/@types/mojang-gametest/download/@types/mojang-gametest-0.1.2.tgz",
      "integrity": "sha512-D5LXHr9XWo/XiQbphVY5XvbrITtJVm7wC2Ui1OAyWtfK9d8TE2FIHV9WATn7EMxnj2OLTR2/DHmrcEhcBLQ1KA==",
      "requires": {
        "@types/mojang-minecraft": "*"
      }
    },
    "@types/mojang-minecraft": {
      "version": "0.1.2",
      "resolved": "https://registry.npmmirror.com/@types/mojang-minecraft/download/@types/mojang-minecraft-0.1.2.tgz",
      "integrity": "sha512-zY9mojpYSV/+OHdenMwO6doIOMj2YAh5lBPSmOVNuF4AcEKFt0Ncv/KSJ5G3HNXARmZ2uJIzy/MLaB8WnjcxhQ=="
    },
    "tsc": {
      "version": "2.0.3",
      "resolved": "https://registry.npmjs.org/tsc/-/tsc-2.0.3.tgz",
      "integrity": "sha512-SN+9zBUtrpUcOpaUO7GjkEHgWtf22c7FKbKCA4e858eEM7Qz86rRDpgOU2lBIDf0fLCsEg65ms899UMUIB2+Ow=="
    },
    "typescript": {
      "version": "4.5.2",
      "resolved": "https://registry.npmjs.org/typescript/-/typescript-4.5.2.tgz",
      "integrity": "sha512-5BlMof9H1yGt0P8/WF+wPNw6GfctgGjXp5hkblpyT+8rkASSmkUKMXrxR0Xg8ThVCi/JnHQiKXeBaEwCeQwMFw=="
    }
  }
}
